# @generated by Move, please check-in and do not edit manually.

[move]
version = 3
manifest_digest = "F9F2AE5B391361E68EC1206D4B088BBE70A329FAC56094DAEEEC4AACF7166096"
deps_digest = "F8BBB0CCB2491CA29A3DF03D6F92277A4F3574266507ACD77214D37ECA3F3082"
dependencies = [
  { id = "One", name = "One" },
]

[[move.package]]
id = "MoveStdlib"
source = { git = "https://github.com/one-chain-labs/onechain.git", rev = "framework/testnet", subdir = "crates/sui-framework/packages/move-stdlib" }

[[move.package]]
id = "One"
source = { git = "https://github.com/one-chain-labs/onechain.git", rev = "framework/testnet", subdir = "crates/sui-framework/packages/one-framework" }

dependencies = [
  { id = "MoveStdlib", name = "MoveStdlib" },
]

[move.toolchain-version]
compiler-version = "1.0.1"
edition = "2024.beta"
flavor = "one"

[env]

[env.testnet]
chain-id = "1bd5c965"
original-published-id = "0x8d3eb7a31ea0556530f86016db319c9f3bc7740932f8f8a2a1cc5dfa892b5be5"
latest-published-id = "0x8d3eb7a31ea0556530f86016db319c9f3bc7740932f8f8a2a1cc5dfa892b5be5"
published-version = "1"
